
Microsoft Visual Studio Solution File, Format Version 12.00
# Visual Studio Version 16
VisualStudioVersion = 16.0.30621.155
MinimumVisualStudioVersion = 10.0.40219.1
Project("{FAE04EC0-301F-11D3-BF4B-00C04F79EFBC}") = "AppConsultarCEP.UWP", "AppConsultarCEP\AppConsultarCEP.UWP\AppConsultarCEP.UWP.csproj", "{66E12D8F-0206-4A9F-A0EC-96CB873F02DB}"
EndProject
Project("{FAE04EC0-301F-11D3-BF4B-00C04F79EFBC}") = "AppConsultarCEP.Android", "AppConsultarCEP\AppConsultarCEP.Android\AppConsultarCEP.Android.csproj", "{B93994F9-B30D-4F25-8DBB-B7189908EA84}"
EndProject
Project("{FAE04EC0-301F-11D3-BF4B-00C04F79EFBC}") = "AppConsultarCEP.iOS", "AppConsultarCEP\AppConsultarCEP.iOS\AppConsultarCEP.iOS.csproj", "{CF2368C5-6022-43DB-9BB7-764CE9C10545}"
EndProject
Project("{FAE04EC0-301F-11D3-BF4B-00C04F79EFBC}") = "AppConsultarCEP", "AppConsultarCEP\AppConsultarCEP\AppConsultarCEP.csproj", "{4F5FB7B6-CDB8-4147-A605-9DEADFC6DF4E}"
EndProject
Global
	GlobalSection(SolutionConfigurationPlatforms) = preSolution
		Debug|Any CPU = Debug|Any CPU
		Debug|ARM = Debug|ARM
		Debug|iPhone = Debug|iPhone
		Debug|iPhoneSimulator = Debug|iPhoneSimulator
		Debug|x64 = Debug|x64
		Debug|x86 = Debug|x86
		Release|Any CPU = Release|Any CPU
		Release|ARM = Release|ARM
		Release|iPhone = Release|iPhone
		Release|iPhoneSimulator = Release|iPhoneSimulator
		Release|x64 = Release|x64
		Release|x86 = Release|x86
	EndGlobalSection
	GlobalSection(ProjectConfigurationPlatforms) = postSolution
		{66E12D8F-0206-4A9F-A0EC-96CB873F02DB}.Debug|Any CPU.ActiveCfg = Debug|x86
		{66E12D8F-0206-4A9F-A0EC-96CB873F02DB}.Debug|Any CPU.Build.0 = Debug|x86
		{66E12D8F-0206-4A9F-A0EC-96CB873F02DB}.Debug|Any CPU.Deploy.0 = Debug|x86
		{66E12D8F-0206-4A9F-A0EC-96CB873F02DB}.Debug|ARM.ActiveCfg = Debug|ARM
		{66E12D8F-0206-4A9F-A0EC-96CB873F02DB}.Debug|ARM.Build.0 = Debug|ARM
		{66E12D8F-0206-4A9F-A0EC-96CB873F02DB}.Debug|ARM.Deploy.0 = Debug|ARM
		{66E12D8F-0206-4A9F-A0EC-96CB873F02DB}.Debug|iPhone.ActiveCfg = Debug|x86
		{66E12D8F-0206-4A9F-A0EC-96CB873F02DB}.Debug|iPhone.Build.0 = Debug|x86
		{66E12D8F-0206-4A9F-A0EC-96CB873F02DB}.Debug|iPhone.Deploy.0 = Debug|x86
		{66E12D8F-0206-4A9F-A0EC-96CB873F02DB}.Debug|iPhoneSimulator.ActiveCfg = Debug|x86
		{66E12D8F-0206-4A9F-A0EC-96CB873F02DB}.Debug|iPhoneSimulator.Build.0 = Debug|x86
		{66E12D8F-0206-4A9F-A0EC-96CB873F02DB}.Debug|iPhoneSimulator.Deploy.0 = Debug|x86
		{66E12D8F-0206-4A9F-A0EC-96CB873F02DB}.Debug|x64.ActiveCfg = Debug|x64
		{66E12D8F-0206-4A9F-A0EC-96CB873F02DB}.Debug|x64.Build.0 = Debug|x64
		{66E12D8F-0206-4A9F-A0EC-96CB873F02DB}.Debug|x64.Deploy.0 = Debug|x64
		{66E12D8F-0206-4A9F-A0EC-96CB873F02DB}.Debug|x86.ActiveCfg = Debug|x86
		{66E12D8F-0206-4A9F-A0EC-96CB873F02DB}.Debug|x86.Build.0 = Debug|x86
		{66E12D8F-0206-4A9F-A0EC-96CB873F02DB}.Debug|x86.Deploy.0 = Debug|x86
		{66E12D8F-0206-4A9F-A0EC-96CB873F02DB}.Release|Any CPU.ActiveCfg = Release|x86
		{66E12D8F-0206-4A9F-A0EC-96CB873F02DB}.Release|Any CPU.Build.0 = Release|x86
		{66E12D8F-0206-4A9F-A0EC-96CB873F02DB}.Release|Any CPU.Deploy.0 = Release|x86
		{66E12D8F-0206-4A9F-A0EC-96CB873F02DB}.Release|ARM.ActiveCfg = Release|ARM
		{66E12D8F-0206-4A9F-A0EC-96CB873F02DB}.Release|ARM.Build.0 = Release|ARM
		{66E12D8F-0206-4A9F-A0EC-96CB873F02DB}.Release|ARM.Deploy.0 = Release|ARM
		{66E12D8F-0206-4A9F-A0EC-96CB873F02DB}.Release|iPhone.ActiveCfg = Release|x86
		{66E12D8F-0206-4A9F-A0EC-96CB873F02DB}.Release|iPhone.Build.0 = Release|x86
		{66E12D8F-0206-4A9F-A0EC-96CB873F02DB}.Release|iPhone.Deploy.0 = Release|x86
		{66E12D8F-0206-4A9F-A0EC-96CB873F02DB}.Release|iPhoneSimulator.ActiveCfg = Release|x86
		{66E12D8F-0206-4A9F-A0EC-96CB873F02DB}.Release|iPhoneSimulator.Build.0 = Release|x86
		{66E12D8F-0206-4A9F-A0EC-96CB873F02DB}.Release|iPhoneSimulator.Deploy.0 = Release|x86
		{66E12D8F-0206-4A9F-A0EC-96CB873F02DB}.Release|x64.ActiveCfg = Release|x64
		{66E12D8F-0206-4A9F-A0EC-96CB873F02DB}.Release|x64.Build.0 = Release|x64
		{66E12D8F-0206-4A9F-A0EC-96CB873F02DB}.Release|x64.Deploy.0 = Release|x64
		{66E12D8F-0206-4A9F-A0EC-96CB873F02DB}.Release|x86.ActiveCfg = Release|x86
		{66E12D8F-0206-4A9F-A0EC-96CB873F02DB}.Release|x86.Build.0 = Release|x86
		{66E12D8F-0206-4A9F-A0EC-96CB873F02DB}.Release|x86.Deploy.0 = Release|x86
		{B93994F9-B30D-4F25-8DBB-B7189908EA84}.Debug|Any CPU.ActiveCfg = Debug|Any CPU
		{B93994F9-B30D-4F25-8DBB-B7189908EA84}.Debug|Any CPU.Build.0 = Debug|Any CPU
		{B93994F9-B30D-4F25-8DBB-B7189908EA84}.Debug|Any CPU.Deploy.0 = Debug|Any CPU
		{B93994F9-B30D-4F25-8DBB-B7189908EA84}.Debug|ARM.ActiveCfg = Debug|Any CPU
		{B93994F9-B30D-4F25-8DBB-B7189908EA84}.Debug|ARM.Build.0 = Debug|Any CPU
		{B93994F9-B30D-4F25-8DBB-B7189908EA84}.Debug|ARM.Deploy.0 = Debug|Any CPU
		{B93994F9-B30D-4F25-8DBB-B7189908EA84}.Debug|iPhone.ActiveCfg = Debug|Any CPU
		{B93994F9-B30D-4F25-8DBB-B7189908EA84}.Debug|iPhone.Build.0 = Debug|Any CPU
		{B93994F9-B30D-4F25-8DBB-B7189908EA84}.Debug|iPhone.Deploy.0 = Debug|Any CPU
		{B93994F9-B30D-4F25-8DBB-B7189908EA84}.Debug|iPhoneSimulator.ActiveCfg = Debug|Any CPU
		{B93994F9-B30D-4F25-8DBB-B7189908EA84}.Debug|iPhoneSimulator.Build.0 = Debug|Any CPU
		{B93994F9-B30D-4F25-8DBB-B7189908EA84}.Debug|iPhoneSimulator.Deploy.0 = Debug|Any CPU
		{B93994F9-B30D-4F25-8DBB-B7189908EA84}.Debug|x64.ActiveCfg = Debug|Any CPU
		{B93994F9-B30D-4F25-8DBB-B7189908EA84}.Debug|x64.Build.0 = Debug|Any CPU
		{B93994F9-B30D-4F25-8DBB-B7189908EA84}.Debug|x64.Deploy.0 = Debug|Any CPU
		{B93994F9-B30D-4F25-8DBB-B7189908EA84}.Debug|x86.ActiveCfg = Debug|Any CPU
		{B93994F9-B30D-4F25-8DBB-B7189908EA84}.Debug|x86.Build.0 = Debug|Any CPU
		{B93994F9-B30D-4F25-8DBB-B7189908EA84}.Debug|x86.Deploy.0 = Debug|Any CPU
		{B93994F9-B30D-4F25-8DBB-B7189908EA84}.Release|Any CPU.ActiveCfg = Release|Any CPU
		{B93994F9-B30D-4F25-8DBB-B7189908EA84}.Release|Any CPU.Build.0 = Release|Any CPU
		{B93994F9-B30D-4F25-8DBB-B7189908EA84}.Release|Any CPU.Deploy.0 = Release|Any CPU
		{B93994F9-B30D-4F25-8DBB-B7189908EA84}.Release|ARM.ActiveCfg = Release|Any CPU
		{B93994F9-B30D-4F25-8DBB-B7189908EA84}.Release|ARM.Build.0 = Release|Any CPU
		{B93994F9-B30D-4F25-8DBB-B7189908EA84}.Release|ARM.Deploy.0 = Release|Any CPU
		{B93994F9-B30D-4F25-8DBB-B7189908EA84}.Release|iPhone.ActiveCfg = Release|Any CPU
		{B93994F9-B30D-4F25-8DBB-B7189908EA84}.Release|iPhone.Build.0 = Release|Any CPU
		{B93994F9-B30D-4F25-8DBB-B7189908EA84}.Release|iPhone.Deploy.0 = Release|Any CPU
		{B93994F9-B30D-4F25-8DBB-B7189908EA84}.Release|iPhoneSimulator.ActiveCfg = Release|Any CPU
		{B93994F9-B30D-4F25-8DBB-B7189908EA84}.Release|iPhoneSimulator.Build.0 = Release|Any CPU
		{B93994F9-B30D-4F25-8DBB-B7189908EA84}.Release|iPhoneSimulator.Deploy.0 = Release|Any CPU
		{B93994F9-B30D-4F25-8DBB-B7189908EA84}.Release|x64.ActiveCfg = Release|Any CPU
		{B93994F9-B30D-4F25-8DBB-B7189908EA84}.Release|x64.Build.0 = Release|Any CPU
		{B93994F9-B30D-4F25-8DBB-B7189908EA84}.Release|x64.Deploy.0 = Release|Any CPU
		{B93994F9-B30D-4F25-8DBB-B7189908EA84}.Release|x86.ActiveCfg = Release|Any CPU
		{B93994F9-B30D-4F25-8DBB-B7189908EA84}.Release|x86.Build.0 = Release|Any CPU
		{B93994F9-B30D-4F25-8DBB-B7189908EA84}.Release|x86.Deploy.0 = Release|Any CPU
		{CF2368C5-6022-43DB-9BB7-764CE9C10545}.Debug|Any CPU.ActiveCfg = Debug|iPhoneSimulator
		{CF2368C5-6022-43DB-9BB7-764CE9C10545}.Debug|Any CPU.Build.0 = Debug|iPhoneSimulator
		{CF2368C5-6022-43DB-9BB7-764CE9C10545}.Debug|Any CPU.Deploy.0 = Debug|iPhoneSimulator
		{CF2368C5-6022-43DB-9BB7-764CE9C10545}.Debug|ARM.ActiveCfg = Debug|iPhone
		{CF2368C5-6022-43DB-9BB7-764CE9C10545}.Debug|ARM.Build.0 = Debug|iPhone
		{CF2368C5-6022-43DB-9BB7-764CE9C10545}.Debug|ARM.Deploy.0 = Debug|iPhone
		{CF2368C5-6022-43DB-9BB7-764CE9C10545}.Debug|iPhone.ActiveCfg = Debug|iPhone
		{CF2368C5-6022-43DB-9BB7-764CE9C10545}.Debug|iPhone.Build.0 = Debug|iPhone
		{CF2368C5-6022-43DB-9BB7-764CE9C10545}.Debug|iPhone.Deploy.0 = Debug|iPhone
		{CF2368C5-6022-43DB-9BB7-764CE9C10545}.Debug|iPhoneSimulator.ActiveCfg = Debug|iPhoneSimulator
		{CF2368C5-6022-43DB-9BB7-764CE9C10545}.Debug|iPhoneSimulator.Build.0 = Debug|iPhoneSimulator
		{CF2368C5-6022-43DB-9BB7-764CE9C10545}.Debug|iPhoneSimulator.Deploy.0 = Debug|iPhoneSimulator
		{CF2368C5-6022-43DB-9BB7-764CE9C10545}.Debug|x64.ActiveCfg = Debug|iPhoneSimulator
		{CF2368C5-6022-43DB-9BB7-764CE9C10545}.Debug|x64.Build.0 = Debug|iPhoneSimulator
		{CF2368C5-6022-43DB-9BB7-764CE9C10545}.Debug|x64.Deploy.0 = Debug|iPhoneSimulator
		{CF2368C5-6022-43DB-9BB7-764CE9C10545}.Debug|x86.ActiveCfg = Debug|iPhoneSimulator
		{CF2368C5-6022-43DB-9BB7-764CE9C10545}.Debug|x86.Build.0 = Debug|iPhoneSimulator
		{CF2368C5-6022-43DB-9BB7-764CE9C10545}.Debug|x86.Deploy.0 = Debug|iPhoneSimulator
		{CF2368C5-6022-43DB-9BB7-764CE9C10545}.Release|Any CPU.ActiveCfg = Release|iPhoneSimulator
		{CF2368C5-6022-43DB-9BB7-764CE9C10545}.Release|Any CPU.Build.0 = Release|iPhoneSimulator
		{CF2368C5-6022-43DB-9BB7-764CE9C10545}.Release|Any CPU.Deploy.0 = Release|iPhoneSimulator
		{CF2368C5-6022-43DB-9BB7-764CE9C10545}.Release|ARM.ActiveCfg = Release|iPhoneSimulator
		{CF2368C5-6022-43DB-9BB7-764CE9C10545}.Release|ARM.Build.0 = Release|iPhoneSimulator
		{CF2368C5-6022-43DB-9BB7-764CE9C10545}.Release|ARM.Deploy.0 = Release|iPhoneSimulator
		{CF2368C5-6022-43DB-9BB7-764CE9C10545}.Release|iPhone.ActiveCfg = Release|iPhone
		{CF2368C5-6022-43DB-9BB7-764CE9C10545}.Release|iPhone.Build.0 = Release|iPhone
		{CF2368C5-6022-43DB-9BB7-764CE9C10545}.Release|iPhone.Deploy.0 = Release|iPhone
		{CF2368C5-6022-43DB-9BB7-764CE9C10545}.Release|iPhoneSimulator.ActiveCfg = Release|iPhoneSimulator
		{CF2368C5-6022-43DB-9BB7-764CE9C10545}.Release|iPhoneSimulator.Build.0 = Release|iPhoneSimulator
		{CF2368C5-6022-43DB-9BB7-764CE9C10545}.Release|iPhoneSimulator.Deploy.0 = Release|iPhoneSimulator
		{CF2368C5-6022-43DB-9BB7-764CE9C10545}.Release|x64.ActiveCfg = Release|iPhoneSimulator
		{CF2368C5-6022-43DB-9BB7-764CE9C10545}.Release|x64.Build.0 = Release|iPhoneSimulator
		{CF2368C5-6022-43DB-9BB7-764CE9C10545}.Release|x64.Deploy.0 = Release|iPhoneSimulator
		{CF2368C5-6022-43DB-9BB7-764CE9C10545}.Release|x86.ActiveCfg = Release|iPhoneSimulator
		{CF2368C5-6022-43DB-9BB7-764CE9C10545}.Release|x86.Build.0 = Release|iPhoneSimulator
		{CF2368C5-6022-43DB-9BB7-764CE9C10545}.Release|x86.Deploy.0 = Release|iPhoneSimulator
		{4F5FB7B6-CDB8-4147-A605-9DEADFC6DF4E}.Debug|Any CPU.ActiveCfg = Debug|Any CPU
		{4F5FB7B6-CDB8-4147-A605-9DEADFC6DF4E}.Debug|Any CPU.Build.0 = Debug|Any CPU
		{4F5FB7B6-CDB8-4147-A605-9DEADFC6DF4E}.Debug|Any CPU.Deploy.0 = Debug|Any CPU
		{4F5FB7B6-CDB8-4147-A605-9DEADFC6DF4E}.Debug|ARM.ActiveCfg = Debug|Any CPU
		{4F5FB7B6-CDB8-4147-A605-9DEADFC6DF4E}.Debug|ARM.Build.0 = Debug|Any CPU
		{4F5FB7B6-CDB8-4147-A605-9DEADFC6DF4E}.Debug|ARM.Deploy.0 = Debug|Any CPU
		{4F5FB7B6-CDB8-4147-A605-9DEADFC6DF4E}.Debug|iPhone.ActiveCfg = Debug|Any CPU
		{4F5FB7B6-CDB8-4147-A605-9DEADFC6DF4E}.Debug|iPhone.Build.0 = Debug|Any CPU
		{4F5FB7B6-CDB8-4147-A605-9DEADFC6DF4E}.Debug|iPhone.Deploy.0 = Debug|Any CPU
		{4F5FB7B6-CDB8-4147-A605-9DEADFC6DF4E}.Debug|iPhoneSimulator.ActiveCfg = Debug|Any CPU
		{4F5FB7B6-CDB8-4147-A605-9DEADFC6DF4E}.Debug|iPhoneSimulator.Build.0 = Debug|Any CPU
		{4F5FB7B6-CDB8-4147-A605-9DEADFC6DF4E}.Debug|iPhoneSimulator.Deploy.0 = Debug|Any CPU
		{4F5FB7B6-CDB8-4147-A605-9DEADFC6DF4E}.Debug|x64.ActiveCfg = Debug|Any CPU
		{4F5FB7B6-CDB8-4147-A605-9DEADFC6DF4E}.Debug|x64.Build.0 = Debug|Any CPU
		{4F5FB7B6-CDB8-4147-A605-9DEADFC6DF4E}.Debug|x64.Deploy.0 = Debug|Any CPU
		{4F5FB7B6-CDB8-4147-A605-9DEADFC6DF4E}.Debug|x86.ActiveCfg = Debug|Any CPU
		{4F5FB7B6-CDB8-4147-A605-9DEADFC6DF4E}.Debug|x86.Build.0 = Debug|Any CPU
		{4F5FB7B6-CDB8-4147-A605-9DEADFC6DF4E}.Debug|x86.Deploy.0 = Debug|Any CPU
		{4F5FB7B6-CDB8-4147-A605-9DEADFC6DF4E}.Release|Any CPU.ActiveCfg = Release|Any CPU
		{4F5FB7B6-CDB8-4147-A605-9DEADFC6DF4E}.Release|Any CPU.Build.0 = Release|Any CPU
		{4F5FB7B6-CDB8-4147-A605-9DEADFC6DF4E}.Release|Any CPU.Deploy.0 = Release|Any CPU
		{4F5FB7B6-CDB8-4147-A605-9DEADFC6DF4E}.Release|ARM.ActiveCfg = Release|Any CPU
		{4F5FB7B6-CDB8-4147-A605-9DEADFC6DF4E}.Release|ARM.Build.0 = Release|Any CPU
		{4F5FB7B6-CDB8-4147-A605-9DEADFC6DF4E}.Release|ARM.Deploy.0 = Release|Any CPU
		{4F5FB7B6-CDB8-4147-A605-9DEADFC6DF4E}.Release|iPhone.ActiveCfg = Release|Any CPU
		{4F5FB7B6-CDB8-4147-A605-9DEADFC6DF4E}.Release|iPhone.Build.0 = Release|Any CPU
		{4F5FB7B6-CDB8-4147-A605-9DEADFC6DF4E}.Release|iPhone.Deploy.0 = Release|Any CPU
		{4F5FB7B6-CDB8-4147-A605-9DEADFC6DF4E}.Release|iPhoneSimulator.ActiveCfg = Release|Any CPU
		{4F5FB7B6-CDB8-4147-A605-9DEADFC6DF4E}.Release|iPhoneSimulator.Build.0 = Release|Any CPU
		{4F5FB7B6-CDB8-4147-A605-9DEADFC6DF4E}.Release|iPhoneSimulator.Deploy.0 = Release|Any CPU
		{4F5FB7B6-CDB8-4147-A605-9DEADFC6DF4E}.Release|x64.ActiveCfg = Release|Any CPU
		{4F5FB7B6-CDB8-4147-A605-9DEADFC6DF4E}.Release|x64.Build.0 = Release|Any CPU
		{4F5FB7B6-CDB8-4147-A605-9DEADFC6DF4E}.Release|x64.Deploy.0 = Release|Any CPU
		{4F5FB7B6-CDB8-4147-A605-9DEADFC6DF4E}.Release|x86.ActiveCfg = Release|Any CPU
		{4F5FB7B6-CDB8-4147-A605-9DEADFC6DF4E}.Release|x86.Build.0 = Release|Any CPU
		{4F5FB7B6-CDB8-4147-A605-9DEADFC6DF4E}.Release|x86.Deploy.0 = Release|Any CPU
	EndGlobalSection
	GlobalSection(SolutionProperties) = preSolution
		HideSolutionNode = FALSE
	EndGlobalSection
	GlobalSection(ExtensibilityGlobals) = postSolution
		SolutionGuid = {BD763519-D425-4BEC-A077-4941281A12FE}
	EndGlobalSection
EndGlobal
